
Microsoft Visual Studio Solution File, Format Version 12.00
# Visual Studio Version 17
VisualStudioVersion = 17.5.33516.290
MinimumVisualStudioVersion = 10.0.40219.1
Project("{FAE04EC0-301F-11D3-BF4B-00C04F79EFBC}") = "CsdnArticleExtract", "CsdnArticleExtract\CsdnArticleExtract.csproj", "{C93A2809-8633-46B5-9423-578F19630E65}"
EndProject
Project("{FAE04EC0-301F-11D3-BF4B-00C04F79EFBC}") = "LibCsdnArticleExtract", "LibCsdnArticleExtract\LibCsdnArticleExtract.csproj", "{74FD3037-0311-47CE-AC62-EF48C3343EC8}"
EndProject
Global
	GlobalSection(SolutionConfigurationPlatforms) = preSolution
		Debug|Any CPU = Debug|Any CPU
		Release|Any CPU = Release|Any CPU
	EndGlobalSection
	GlobalSection(ProjectConfigurationPlatforms) = postSolution
		{C93A2809-8633-46B5-9423-578F19630E65}.Debug|Any CPU.ActiveCfg = Debug|Any CPU
		{C93A2809-8633-46B5-9423-578F19630E65}.Debug|Any CPU.Build.0 = Debug|Any CPU
		{C93A2809-8633-46B5-9423-578F19630E65}.Release|Any CPU.ActiveCfg = Release|Any CPU
		{C93A2809-8633-46B5-9423-578F19630E65}.Release|Any CPU.Build.0 = Release|Any CPU
		{74FD3037-0311-47CE-AC62-EF48C3343EC8}.Debug|Any CPU.ActiveCfg = Debug|Any CPU
		{74FD3037-0311-47CE-AC62-EF48C3343EC8}.Debug|Any CPU.Build.0 = Debug|Any CPU
		{74FD3037-0311-47CE-AC62-EF48C3343EC8}.Release|Any CPU.ActiveCfg = Release|Any CPU
		{74FD3037-0311-47CE-AC62-EF48C3343EC8}.Release|Any CPU.Build.0 = Release|Any CPU
	EndGlobalSection
	GlobalSection(SolutionProperties) = preSolution
		HideSolutionNode = FALSE
	EndGlobalSection
	GlobalSection(ExtensibilityGlobals) = postSolution
		SolutionGuid = {E5028E49-569D-463A-9E6A-8098FA6EA47A}
	EndGlobalSection
EndGlobal
